
Microsoft Visual Studio Solution File, Format Version 12.00
# Visual Studio Version 16
VisualStudioVersion = 16.0.29911.84
MinimumVisualStudioVersion = 10.0.40219.1
Project("{FAE04EC0-301F-11D3-BF4B-00C04F79EFBC}") = "ReadXMLFileExample", "ReadXMLFileExample\ReadXMLFileExample.csproj", "{A76E4BE2-EC8B-40BF-AA20-5C825D9AB26D}"
EndProject
Global
	GlobalSection(SolutionConfigurationPlatforms) = preSolution
		Debug|Any CPU = Debug|Any CPU
		Release|Any CPU = Release|Any CPU
	EndGlobalSection
	GlobalSection(ProjectConfigurationPlatforms) = postSolution
		{A76E4BE2-EC8B-40BF-AA20-5C825D9AB26D}.Debug|Any CPU.ActiveCfg = Debug|Any CPU
		{A76E4BE2-EC8B-40BF-AA20-5C825D9AB26D}.Debug|Any CPU.Build.0 = Debug|Any CPU
		{A76E4BE2-EC8B-40BF-AA20-5C825D9AB26D}.Release|Any CPU.ActiveCfg = Release|Any CPU
		{A76E4BE2-EC8B-40BF-AA20-5C825D9AB26D}.Release|Any CPU.Build.0 = Release|Any CPU
	EndGlobalSection
	GlobalSection(SolutionProperties) = preSolution
		HideSolutionNode = FALSE
	EndGlobalSection
	GlobalSection(ExtensibilityGlobals) = postSolution
		SolutionGuid = {59E5EB72-4D86-4D4B-A1CA-E80AAC0162D4}
	EndGlobalSection
EndGlobal
